// !$*UTF8*$!
{
	archiveVersion = 1;
	classes = {
	};
	objectVersion = 46;
	objects = {

/* Begin PBXFileReference section */
		806F42AC1AA4558600B3335A /* p2.c */ = {isa = PBXFileReference; lastKnownFileType = sourcecode.c.c; path = p2.c; sourceTree = "<group>"; };
		806F42AD1AA4558600B3335A /* p3.c */ = {isa = PBXFileReference; lastKnownFileType = sourcecode.c.c; path = p3.c; sourceTree = "<group>"; };
		806F42AE1AA4558600B3335A /* p4.c */ = {isa = PBXFileReference; lastKnownFileType = sourcecode.c.c; path = p4.c; sourceTree = "<group>"; };
		806F42AF1AA4558600B3335A /* p5.c */ = {isa = PBXFileReference; lastKnownFileType = sourcecode.c.c; path = p5.c; sourceTree = "<group>"; };
		806F42B01AA4558600B3335A /* p6.c */ = {isa = PBXFileReference; lastKnownFileType = sourcecode.c.c; path = p6.c; sourceTree = "<group>"; };
		806F42B11AA4558600B3335A /* protocol.h */ = {isa = PBXFileReference; lastKnownFileType = sourcecode.c.h; path = protocol.h; sourceTree = "<group>"; };
		806F42B21AA4558600B3335A /* simulator.c */ = {isa = PBXFileReference; lastKnownFileType = sourcecode.c.c; path = simulator.c; sourceTree = "<group>"; };
		806F42B31AA4558600B3335A /* simulator.h */ = {isa = PBXFileReference; lastKnownFileType = sourcecode.c.h; path = simulator.h; sourceTree = "<group>"; };
		806F42B51AA455A900B3335A /* doc.md */ = {isa = PBXFileReference; lastKnownFileType = net.daringfireball.markdown; path = doc.md; sourceTree = "<group>"; };
		806F42B61AA455A900B3335A /* Makefile */ = {isa = PBXFileReference; lastKnownFileType = sourcecode.make; path = Makefile; sourceTree = "<group>"; };
		806F42B71AA455A900B3335A /* README.md */ = {isa = PBXFileReference; lastKnownFileType = net.daringfireball.markdown; path = README.md; sourceTree = "<group>"; };
/* End PBXFileReference section */

/* Begin PBXGroup section */
		806F42A01AA454FB00B3335A = {
			isa = PBXGroup;
			children = (
				806F42AB1AA4553F00B3335A /* src */,
				806F42B41AA4558A00B3335A /* extra */,
			);
			sourceTree = "<group>";
		};
		806F42AB1AA4553F00B3335A /* src */ = {
			isa = PBXGroup;
			children = (
				806F42AC1AA4558600B3335A /* p2.c */,
				806F42AD1AA4558600B3335A /* p3.c */,
				806F42AE1AA4558600B3335A /* p4.c */,
				806F42AF1AA4558600B3335A /* p5.c */,
				806F42B01AA4558600B3335A /* p6.c */,
				806F42B11AA4558600B3335A /* protocol.h */,
				806F42B21AA4558600B3335A /* simulator.c */,
				806F42B31AA4558600B3335A /* simulator.h */,
			);
			name = src;
			sourceTree = "<group>";
		};
		806F42B41AA4558A00B3335A /* extra */ = {
			isa = PBXGroup;
			children = (
				806F42B51AA455A900B3335A /* doc.md */,
				806F42B61AA455A900B3335A /* Makefile */,
				806F42B71AA455A900B3335A /* README.md */,
			);
			name = extra;
			sourceTree = "<group>";
		};
/* End PBXGroup section */

/* Begin PBXLegacyTarget section */
		806F42A51AA454FC00B3335A /* ti2406pa */ = {
			isa = PBXLegacyTarget;
			buildArgumentsString = "$(ACTION)";
			buildConfigurationList = 806F42A81AA454FC00B3335A /* Build configuration list for PBXLegacyTarget "ti2406pa" */;
			buildPhases = (
			);
			buildToolPath = make;
			dependencies = (
			);
			name = ti2406pa;
			passBuildSettingsInEnvironment = 1;
			productName = ti2406pa;
		};
/* End PBXLegacyTarget section */

/* Begin PBXProject section */
		806F42A11AA454FC00B3335A /* Project object */ = {
			isa = PBXProject;
			attributes = {
				LastUpgradeCheck = 0610;
				ORGANIZATIONNAME = Jarvix;
				TargetAttributes = {
					806F42A51AA454FC00B3335A = {
						CreatedOnToolsVersion = 6.1.1;
					};
				};
			};
			buildConfigurationList = 806F42A41AA454FC00B3335A /* Build configuration list for PBXProject "ti2406pa" */;
			compatibilityVersion = "Xcode 3.2";
			developmentRegion = English;
			hasScannedForEncodings = 0;
			knownRegions = (
				en,
			);
			mainGroup = 806F42A01AA454FB00B3335A;
			projectDirPath = "";
			projectRoot = "";
			targets = (
				806F42A51AA454FC00B3335A /* ti2406pa */,
			);
		};
/* End PBXProject section */

/* Begin XCBuildConfiguration section */
		806F42A61AA454FC00B3335A /* Debug */ = {
			isa = XCBuildConfiguration;
			buildSettings = {
				ALWAYS_SEARCH_USER_PATHS = NO;
				CLANG_CXX_LANGUAGE_STANDARD = "gnu++0x";
				CLANG_CXX_LIBRARY = "libc++";
				CLANG_ENABLE_MODULES = YES;
				CLANG_ENABLE_OBJC_ARC = YES;
				CLANG_WARN_BOOL_CONVERSION = YES;
				CLANG_WARN_CONSTANT_CONVERSION = YES;
				CLANG_WARN_DIRECT_OBJC_ISA_USAGE = YES_ERROR;
				CLANG_WARN_EMPTY_BODY = YES;
				CLANG_WARN_ENUM_CONVERSION = YES;
				CLANG_WARN_INT_CONVERSION = YES;
				CLANG_WARN_OBJC_ROOT_CLASS = YES_ERROR;
				CLANG_WARN_UNREACHABLE_CODE = YES;
				CLANG_WARN__DUPLICATE_METHOD_MATCH = YES;
				COPY_PHASE_STRIP = NO;
				ENABLE_STRICT_OBJC_MSGSEND = YES;
				GCC_C_LANGUAGE_STANDARD = gnu99;
				GCC_DYNAMIC_NO_PIC = NO;
				GCC_OPTIMIZATION_LEVEL = 0;
				GCC_PREPROCESSOR_DEFINITIONS = (
					"DEBUG=1",
					"$(inherited)",
				);
				GCC_SYMBOLS_PRIVATE_EXTERN = NO;
				GCC_WARN_64_TO_32_BIT_CONVERSION = YES;
				GCC_WARN_ABOUT_RETURN_TYPE = YES_ERROR;
				GCC_WARN_UNDECLARED_SELECTOR = YES;
				GCC_WARN_UNINITIALIZED_AUTOS = YES_AGGRESSIVE;
				GCC_WARN_UNUSED_FUNCTION = YES;
				GCC_WARN_UNUSED_VARIABLE = YES;
				MACOSX_DEPLOYMENT_TARGET = 10.9;
				MTL_ENABLE_DEBUG_INFO = YES;
				ONLY_ACTIVE_ARCH = YES;
				SDKROOT = macosx;
			};
			name = Debug;
		};
		806F42A71AA454FC00B3335A /* Release */ = {
			isa = XCBuildConfiguration;
			buildSettings = {
				ALWAYS_SEARCH_USER_PATHS = NO;
				CLANG_CXX_LANGUAGE_STANDARD = "gnu++0x";
				CLANG_CXX_LIBRARY = "libc++";
				CLANG_ENABLE_MODULES = YES;
				CLANG_ENABLE_OBJC_ARC = YES;
				CLANG_WARN_BOOL_CONVERSION = YES;
				CLANG_WARN_CONSTANT_CONVERSION = YES;
				CLANG_WARN_DIRECT_OBJC_ISA_USAGE = YES_ERROR;
				CLANG_WARN_EMPTY_BODY = YES;
				CLANG_WARN_ENUM_CONVERSION = YES;
				CLANG_WARN_INT_CONVERSION = YES;
				CLANG_WARN_OBJC_ROOT_CLASS = YES_ERROR;
				CLANG_WARN_UNREACHABLE_CODE = YES;
				CLANG_WARN__DUPLICATE_METHOD_MATCH = YES;
				COPY_PHASE_STRIP = YES;
				DEBUG_INFORMATION_FORMAT = "dwarf-with-dsym";
				ENABLE_NS_ASSERTIONS = NO;
				ENABLE_STRICT_OBJC_MSGSEND = YES;
				GCC_C_LANGUAGE_STANDARD = gnu99;
				GCC_WARN_64_TO_32_BIT_CONVERSION = YES;
				GCC_WARN_ABOUT_RETURN_TYPE = YES_ERROR;
				GCC_WARN_UNDECLARED_SELECTOR = YES;
				GCC_WARN_UNINITIALIZED_AUTOS = YES_AGGRESSIVE;
				GCC_WARN_UNUSED_FUNCTION = YES;
				GCC_WARN_UNUSED_VARIABLE = YES;
				MACOSX_DEPLOYMENT_TARGET = 10.9;
				MTL_ENABLE_DEBUG_INFO = NO;
				SDKROOT = macosx;
			};
			name = Release;
		};
		806F42A91AA454FC00B3335A /* Debug */ = {
			isa = XCBuildConfiguration;
			buildSettings = {
				DEBUGGING_SYMBOLS = YES;
				GCC_GENERATE_DEBUGGING_SYMBOLS = YES;
				GCC_OPTIMIZATION_LEVEL = 0;
				OTHER_CFLAGS = "";
				OTHER_LDFLAGS = "";
				PRODUCT_NAME = "$(TARGET_NAME)";
			};
			name = Debug;
		};
		806F42AA1AA454FC00B3335A /* Release */ = {
			isa = XCBuildConfiguration;
			buildSettings = {
				OTHER_CFLAGS = "";
				OTHER_LDFLAGS = "";
				PRODUCT_NAME = "$(TARGET_NAME)";
			};
			name = Release;
		};
/* End XCBuildConfiguration section */

/* Begin XCConfigurationList section */
		806F42A41AA454FC00B3335A /* Build configuration list for PBXProject "ti2406pa" */ = {
			isa = XCConfigurationList;
			buildConfigurations = (
				806F42A61AA454FC00B3335A /* Debug */,
				806F42A71AA454FC00B3335A /* Release */,
			);
			defaultConfigurationIsVisible = 0;
			defaultConfigurationName = Release;
		};
		806F42A81AA454FC00B3335A /* Build configuration list for PBXLegacyTarget "ti2406pa" */ = {
			isa = XCConfigurationList;
			buildConfigurations = (
				806F42A91AA454FC00B3335A /* Debug */,
				806F42AA1AA454FC00B3335A /* Release */,
			);
			defaultConfigurationIsVisible = 0;
			defaultConfigurationName = Release;
		};
/* End XCConfigurationList section */
	};
	rootObject = 806F42A11AA454FC00B3335A /* Project object */;
}
